
Microsoft Visual Studio Solution File, Format Version 12.00
# Visual Studio 15
VisualStudioVersion = 15.0.27703.2042
MinimumVisualStudioVersion = 10.0.40219.1
Project("{9092AA53-FB77-4645-B42D-1CCCA6BD08BD}") = "NodejsWebApp1", "NodejsWebApp1\NodejsWebApp1.njsproj", "{6E524CB8-50A4-4AD8-9671-E5DBF0B5DFA3}"
EndProject
Global
	GlobalSection(SolutionConfigurationPlatforms) = preSolution
		Debug|Any CPU = Debug|Any CPU
		Release|Any CPU = Release|Any CPU
	EndGlobalSection
	GlobalSection(ProjectConfigurationPlatforms) = postSolution
		{6E524CB8-50A4-4AD8-9671-E5DBF0B5DFA3}.Debug|Any CPU.ActiveCfg = Debug|Any CPU
		{6E524CB8-50A4-4AD8-9671-E5DBF0B5DFA3}.Debug|Any CPU.Build.0 = Debug|Any CPU
		{6E524CB8-50A4-4AD8-9671-E5DBF0B5DFA3}.Release|Any CPU.ActiveCfg = Release|Any CPU
		{6E524CB8-50A4-4AD8-9671-E5DBF0B5DFA3}.Release|Any CPU.Build.0 = Release|Any CPU
	EndGlobalSection
	GlobalSection(SolutionProperties) = preSolution
		HideSolutionNode = FALSE
	EndGlobalSection
	GlobalSection(ExtensibilityGlobals) = postSolution
		SolutionGuid = {6E1AD9C7-DD94-4361-BDFC-B1D8F9A4A34D}
	EndGlobalSection
EndGlobal
